Microsoft Visual Studio Solution File, Format Version 11.00
# Visual Studio 2008

Project("{86D97502-F4AC-3B2A-F5A3-16260279825F}") = "Alex Temp", "Assembly-CSharp-firstpass.csproj", "{59F78328-A2B4-BBA6-2A94-5A697A791A31}"
EndProject
Project("{86D97502-F4AC-3B2A-F5A3-16260279825F}") = "Alex Temp", "Assembly-CSharp.csproj", "{D0956195-FD2D-A12B-1E2C-E0DE7928FEFA}"
EndProject
Project("{86D97502-F4AC-3B2A-F5A3-16260279825F}") = "Alex Temp", "Assembly-UnityScript-firstpass.unityproj", "{3044AF55-3FFA-F0A4-039D-3BE871C5FEB2}"
EndProject
Global
	GlobalSection(SolutionConfigurationPlatforms) = preSolution
		Debug|Any CPU = Debug|Any CPU
		Release|Any CPU = Release|Any CPU
	EndGlobalSection
	GlobalSection(ProjectConfigurationPlatforms) = postSolution
		{59F78328-A2B4-BBA6-2A94-5A697A791A31}.Debug|Any CPU.ActiveCfg = Debug|Any CPU
		{59F78328-A2B4-BBA6-2A94-5A697A791A31}.Debug|Any CPU.Build.0 = Debug|Any CPU
		{59F78328-A2B4-BBA6-2A94-5A697A791A31}.Release|Any CPU.ActiveCfg = Release|Any CPU
		{59F78328-A2B4-BBA6-2A94-5A697A791A31}.Release|Any CPU.Build.0 = Release|Any CPU
		{D0956195-FD2D-A12B-1E2C-E0DE7928FEFA}.Debug|Any CPU.ActiveCfg = Debug|Any CPU
		{D0956195-FD2D-A12B-1E2C-E0DE7928FEFA}.Debug|Any CPU.Build.0 = Debug|Any CPU
		{D0956195-FD2D-A12B-1E2C-E0DE7928FEFA}.Release|Any CPU.ActiveCfg = Release|Any CPU
		{D0956195-FD2D-A12B-1E2C-E0DE7928FEFA}.Release|Any CPU.Build.0 = Release|Any CPU
		{3044AF55-3FFA-F0A4-039D-3BE871C5FEB2}.Debug|Any CPU.ActiveCfg = Debug|Any CPU
		{3044AF55-3FFA-F0A4-039D-3BE871C5FEB2}.Debug|Any CPU.Build.0 = Debug|Any CPU
		{3044AF55-3FFA-F0A4-039D-3BE871C5FEB2}.Release|Any CPU.ActiveCfg = Release|Any CPU
		{3044AF55-3FFA-F0A4-039D-3BE871C5FEB2}.Release|Any CPU.Build.0 = Release|Any CPU
	EndGlobalSection
	GlobalSection(SolutionProperties) = preSolution
		HideSolutionNode = FALSE
	EndGlobalSection
											GlobalSection(MonoDevelopProperties) = preSolution
		StartupItem = Assembly-CSharp.csproj
		Policies = $0
		$0.TextStylePolicy = $1
		$1.inheritsSet = null
		$1.scope = text/x-csharp
		$0.CSharpFormattingPolicy = $2
		$2.inheritsSet = Mono
		$2.inheritsScope = text/x-csharp
		$2.scope = text/x-csharp
		$0.TextStylePolicy = $3
		$3.FileWidth = 120
		$3.TabWidth = 4
		$3.EolMarker = Unix
		$3.inheritsSet = Mono
		$3.inheritsScope = text/plain
		$3.scope = text/plain
	EndGlobalSection

EndGlobal
